<Solution>

  <Project Path="src/Domain/Domain.csproj" />
  <Project Path="src/Domain.Proxy/Domain.Proxy.csproj" />
  <Project Path="src/Domain.Traffic/Domain.Traffic.csproj" />
  <Project Path="src/Domain.Certificates/Domain.Certificates.csproj" />
  <Project Path="src/Domain.Rules/Domain.Rules.csproj" />
  <Project Path="src/Domain.Session/Domain.Session.csproj" />
  <Project Path="src/Domain.Throttling/Domain.Throttling.csproj" />
  <Project Path="src/Domain.Scripting/Domain.Scripting.csproj" />
  <Project Path="src/Domain.Configuration/Domain.Configuration.csproj" />
  <Project Path="src/Domain.DomainNameSystemSpoofing/Domain.DomainNameSystemSpoofing.csproj" />
  <Project Path="src/Framework/Framework.csproj" />
  <Project Path="src/Framework.Networking/Framework.Networking.csproj" />
  <Project Path="src/Framework.Platform/Framework.Platform.csproj" />
  <Project Path="src/Framework.Serialization/Framework.Serialization.csproj" />
  <Project Path="src/DependencyInjection/DependencyInjection.csproj" />
  <Project Path="src/Presentation/Presentation.csproj" />

  <Folder Name="/Clients/">
    <Project Path="src/Clients/Client/Client.csproj" />
    <Project Path="src/Clients/Client.Desktop/Client.Desktop.csproj" />
    <Project Path="src/Cli/Cli.csproj" />
  </Folder>

  <Folder Name="/Tests/">
    <Project Path="tests/Domain.Tests/Domain.Tests.csproj" />
    <Project Path="tests/Domain.Proxy.Tests/Domain.Proxy.Tests.csproj" />
    <Project Path="tests/Domain.Traffic.Tests/Domain.Traffic.Tests.csproj" />
    <Project Path="tests/Domain.Certificates.Tests/Domain.Certificates.Tests.csproj" />
    <Project Path="tests/Domain.Rules.Tests/Domain.Rules.Tests.csproj" />
    <Project Path="tests/Domain.Session.Tests/Domain.Session.Tests.csproj" />
    <Project Path="tests/Domain.Throttling.Tests/Domain.Throttling.Tests.csproj" />
    <Project Path="tests/Domain.Scripting.Tests/Domain.Scripting.Tests.csproj" />
    <Project Path="tests/Domain.Configuration.Tests/Domain.Configuration.Tests.csproj" />
    <Project Path="tests/Domain.DomainNameSystemSpoofing.Tests/Domain.DomainNameSystemSpoofing.Tests.csproj" />
    <Project Path="tests/Cli.Tests/Cli.Tests.csproj" />
    <Project Path="tests/Framework.Tests/Framework.Tests.csproj" />
    <Project Path="tests/Framework.Networking.Tests/Framework.Networking.Tests.csproj" />
    <Project Path="tests/Framework.Platform.Tests/Framework.Platform.Tests.csproj" />
    <Project Path="tests/Framework.Serialization.Tests/Framework.Serialization.Tests.csproj" />
    <Project Path="tests/DependencyInjection.Tests/DependencyInjection.Tests.csproj" />
    <Project Path="tests/Presentation.Tests/Presentation.Tests.csproj" />
    <Project Path="tests/Client.Tests/Client.Tests.csproj" />
  </Folder>

</Solution>
